
Microsoft Visual Studio Solution File, Format Version 12.00
# Visual Studio Version 16
VisualStudioVersion = 16.0.29806.167
MinimumVisualStudioVersion = 10.0.40219.1
Project("{8BC9CEB8-8B4A-11D0-8D11-00A0C91BC942}") = "图书管理系统实现", "图书管理系统实现.vcxproj", "{BDBED7CE-7CF5-4E59-8F49-B21EF3E73394}"
EndProject
Global
	GlobalSection(SolutionConfigurationPlatforms) = preSolution
		Debug|x64 = Debug|x64
		Debug|x86 = Debug|x86
		Release|x64 = Release|x64
		Release|x86 = Release|x86
	EndGlobalSection
	GlobalSection(ProjectConfigurationPlatforms) = postSolution
		{BDBED7CE-7CF5-4E59-8F49-B21EF3E73394}.Debug|x64.ActiveCfg = Debug|x64
		{BDBED7CE-7CF5-4E59-8F49-B21EF3E73394}.Debug|x64.Build.0 = Debug|x64
		{BDBED7CE-7CF5-4E59-8F49-B21EF3E73394}.Debug|x86.ActiveCfg = Debug|Win32
		{BDBED7CE-7CF5-4E59-8F49-B21EF3E73394}.Debug|x86.Build.0 = Debug|Win32
		{BDBED7CE-7CF5-4E59-8F49-B21EF3E73394}.Release|x64.ActiveCfg = Release|x64
		{BDBED7CE-7CF5-4E59-8F49-B21EF3E73394}.Release|x64.Build.0 = Release|x64
		{BDBED7CE-7CF5-4E59-8F49-B21EF3E73394}.Release|x86.ActiveCfg = Release|Win32
		{BDBED7CE-7CF5-4E59-8F49-B21EF3E73394}.Release|x86.Build.0 = Release|Win32
	EndGlobalSection
	GlobalSection(SolutionProperties) = preSolution
		HideSolutionNode = FALSE
	EndGlobalSection
	GlobalSection(ExtensibilityGlobals) = postSolution
		SolutionGuid = {197C2994-7522-48C0-B06D-830D3FF7C431}
	EndGlobalSection
EndGlobal
